# This file was autogenerated by Stack.
# You should not edit this file by hand.
# For more information, please see the documentation at:
#   https://docs.haskellstack.org/en/stable/topics/lock_files

packages:
- completed:
    hackage: openai-1.0.0@sha256:c0051bd5a6839c76ee25c45813643c1ef391ce24e27ec5409ab6d1fd2b26cfde,4403
    pantry-tree:
      sha256: fc78797b2319eb8f922ce8ded6706d37d39d9fdb01ff74be031e104799855320
      size: 3179
  original:
    hackage: openai-1.0.0
- completed:
    hackage: raven-haskell-0.1.4.1@sha256:c0dbccf85c815cc95bad1ee9332a422b2ad4070f5023818092a9e144e3e0d534,1479
    pantry-tree:
      sha256: db686e4055b93e28b0b9683dc2d7ee4a9b94da444dd5560e2b0e57a9cf489eb3
      size: 632
  original:
    hackage: raven-haskell-0.1.4.1@sha256:c0dbccf85c815cc95bad1ee9332a422b2ad4070f5023818092a9e144e3e0d534,1479
snapshots:
- completed:
    sha256: 5a59b2a405b3aba3c00188453be172b85893cab8ebc352b1ef58b0eae5d248a2
    size: 650475
    url: https://raw.githubusercontent.com/commercialhaskell/stackage-snapshots/master/lts/20/26.yaml
  original:
    url: https://raw.githubusercontent.com/commercialhaskell/stackage-snapshots/master/lts/20/26.yaml
